<Solution>
  <Project Path="SampleApp.Api.Tests/SampleApp.Api.Tests.csproj" />
  <Project Path="SampleApp.Api/SampleApp.Api.csproj" />
  <Project Path="SampleApp.Common/SampleApp.Common.csproj" />
  <Project Path="SampleApp.Domain.Tests/SampleApp.Domain.Tests.csproj" />
  <Project Path="SampleApp.Domain/SampleApp.Domain.csproj" />
  <Project Path="SampleApp.Reflection/SampleApp.Reflection.csproj" />
  <Project Path="SampleApp.Services.Tests/SampleApp.Services.Tests.csproj" />
  <Project Path="SampleApp.Services/SampleApp.Services.csproj" />
</Solution>
